{
  "name": "examples",
  "lockfileVersion": 2,
  "requires": true,
  "packages": {
    "": {
      "name": "examples",
      "devDependencies": {
        "document-it": "^0.1.1",
        "pandoc-filter": "^2.1.0",
        "typescript": "^4.8.4"
      }
    },
    "node_modules/document-it": {
      "version": "0.1.1",
      "resolved": "https://registry.npmjs.org/document-it/-/document-it-0.1.1.tgz",
      "integrity": "sha512-M9eU5LKz+9XobYUca+3e+giiHVX+HEaquxkXEqmaYz/tcTB3WqTPwTq8oRN89FD1qdj89ySjPYnmlfNh8NI7Hg==",
      "dev": true,
      "dependencies": {
        "pandoc-filter": "^2.1.0",
        "yaml": "^2.1.3"
      },
      "bin": {
        "document-it": "dist/bin.js"
      }
    },
    "node_modules/get-stdin": {
      "version": "7.0.0",
      "resolved": "https://registry.npmjs.org/get-stdin/-/get-stdin-7.0.0.tgz",
      "integrity": "sha512-zRKcywvrXlXsA0v0i9Io4KDRaAw7+a1ZpjRwl9Wox8PFlVCCHra7E9c4kqXCoCM9nR5tBkaTTZRBoCm60bFqTQ==",
      "dev": true,
      "engines": {
        "node": ">=8"
      }
    },
    "node_modules/pandoc-filter": {
      "version": "2.1.0",
      "resolved": "https://registry.npmjs.org/pandoc-filter/-/pandoc-filter-2.1.0.tgz",
      "integrity": "sha512-uE6RSbzR+WsiBZgHa6u4WfvNy3DeUKtLFFJBbq03DFMmlXrtvqyJuIS0jrxM6v1VEJUlaY5lu/Tb6v3hnINWkw==",
      "dev": true,
      "dependencies": {
        "get-stdin": "~7.0.0"
      },
      "engines": {
        "node": ">=7.6.0"
      }
    },
    "node_modules/typescript": {
      "version": "4.8.4",
      "resolved": "https://registry.npmjs.org/typescript/-/typescript-4.8.4.tgz",
      "integrity": "sha512-QCh+85mCy+h0IGff8r5XWzOVSbBO+KfeYrMQh7NJ58QujwcE22u+NUSmUxqF+un70P9GXKxa2HCNiTTMJknyjQ==",
      "dev": true,
      "bin": {
        "tsc": "bin/tsc",
        "tsserver": "bin/tsserver"
      },
      "engines": {
        "node": ">=4.2.0"
      }
    },
    "node_modules/yaml": {
      "version": "2.1.3",
      "resolved": "https://registry.npmjs.org/yaml/-/yaml-2.1.3.tgz",
      "integrity": "sha512-AacA8nRULjKMX2DvWvOAdBZMOfQlypSFkjcOcu9FalllIDJ1kvlREzcdIZmidQUqqeMv7jorHjq2HlLv/+c2lg==",
      "dev": true,
      "engines": {
        "node": ">= 14"
      }
    }
  },
  "dependencies": {
    "document-it": {
      "version": "0.1.1",
      "resolved": "https://registry.npmjs.org/document-it/-/document-it-0.1.1.tgz",
      "integrity": "sha512-M9eU5LKz+9XobYUca+3e+giiHVX+HEaquxkXEqmaYz/tcTB3WqTPwTq8oRN89FD1qdj89ySjPYnmlfNh8NI7Hg==",
      "dev": true,
      "requires": {
        "pandoc-filter": "^2.1.0",
        "yaml": "^2.1.3"
      }
    },
    "get-stdin": {
      "version": "7.0.0",
      "resolved": "https://registry.npmjs.org/get-stdin/-/get-stdin-7.0.0.tgz",
      "integrity": "sha512-zRKcywvrXlXsA0v0i9Io4KDRaAw7+a1ZpjRwl9Wox8PFlVCCHra7E9c4kqXCoCM9nR5tBkaTTZRBoCm60bFqTQ==",
      "dev": true
    },
    "pandoc-filter": {
      "version": "2.1.0",
      "resolved": "https://registry.npmjs.org/pandoc-filter/-/pandoc-filter-2.1.0.tgz",
      "integrity": "sha512-uE6RSbzR+WsiBZgHa6u4WfvNy3DeUKtLFFJBbq03DFMmlXrtvqyJuIS0jrxM6v1VEJUlaY5lu/Tb6v3hnINWkw==",
      "dev": true,
      "requires": {
        "get-stdin": "~7.0.0"
      }
    },
    "typescript": {
      "version": "4.8.4",
      "resolved": "https://registry.npmjs.org/typescript/-/typescript-4.8.4.tgz",
      "integrity": "sha512-QCh+85mCy+h0IGff8r5XWzOVSbBO+KfeYrMQh7NJ58QujwcE22u+NUSmUxqF+un70P9GXKxa2HCNiTTMJknyjQ==",
      "dev": true
    },
    "yaml": {
      "version": "2.1.3",
      "resolved": "https://registry.npmjs.org/yaml/-/yaml-2.1.3.tgz",
      "integrity": "sha512-AacA8nRULjKMX2DvWvOAdBZMOfQlypSFkjcOcu9FalllIDJ1kvlREzcdIZmidQUqqeMv7jorHjq2HlLv/+c2lg==",
      "dev": true
    }
  }
}
